
Microsoft Visual Studio Solution File, Format Version 12.00
# Visual Studio Version 17
VisualStudioVersion = 17.1.32228.430
MinimumVisualStudioVersion = 10.0.40219.1
Project("{FAE04EC0-301F-11D3-BF4B-00C04F79EFBC}") = "VPaHMI-lab9", "VPaHMI-lab9\VPaHMI-lab9.csproj", "{226C35D1-5099-4224-9C5A-5C8A33B22C2E}"
EndProject
Global
	GlobalSection(SolutionConfigurationPlatforms) = preSolution
		Debug|Any CPU = Debug|Any CPU
		Release|Any CPU = Release|Any CPU
	EndGlobalSection
	GlobalSection(ProjectConfigurationPlatforms) = postSolution
		{226C35D1-5099-4224-9C5A-5C8A33B22C2E}.Debug|Any CPU.ActiveCfg = Debug|Any CPU
		{226C35D1-5099-4224-9C5A-5C8A33B22C2E}.Debug|Any CPU.Build.0 = Debug|Any CPU
		{226C35D1-5099-4224-9C5A-5C8A33B22C2E}.Release|Any CPU.ActiveCfg = Release|Any CPU
		{226C35D1-5099-4224-9C5A-5C8A33B22C2E}.Release|Any CPU.Build.0 = Release|Any CPU
	EndGlobalSection
	GlobalSection(SolutionProperties) = preSolution
		HideSolutionNode = FALSE
	EndGlobalSection
	GlobalSection(ExtensibilityGlobals) = postSolution
		SolutionGuid = {042A130C-E83C-43A2-BD78-1FA13014EF57}
	EndGlobalSection
EndGlobal
